# THIS IS AN AUTOGENERATED FILE. DO NOT EDIT THIS FILE DIRECTLY.
# yarn lockfile v1


uikit@^3.1.4:
  version "3.1.4"
  resolved "https://registry.yarnpkg.com/uikit/-/uikit-3.1.4.tgz#bb0939555c5038bd056ce3c2169715fb1103ce10"
  integrity sha512-XGtlKlQXeNoQJi9wyff6DCkeX0P5/wdZw7LOenH7a5AOTRfUZDhTGX9uSCvRBroYBIKj6Eq2fe2efw2d1/rdHg==
